
Microsoft Visual Studio Solution File, Format Version 11.00
# Visual Studio 2010
Project("{FAE04EC0-301F-11D3-BF4B-00C04F79EFBC}") = "SimpleMessageSystem", "Messaging\SimpleMessageSystem.csproj", "{A90B4E64-890B-4FB1-B3BE-90950D6EEA05}"
EndProject
Project("{FAE04EC0-301F-11D3-BF4B-00C04F79EFBC}") = "SimpleMessageSystemTest", "SimpleMessageSystemTest\SimpleMessageSystemTest.csproj", "{EB4863EB-2DA2-4C24-8E89-DB47F5B3A01D}"
EndProject
Project("{2150E333-8FDC-42A3-9474-1A3956D46DE8}") = "Solution Items", "Solution Items", "{05C8B845-F7F9-4976-9456-EF9B311AD02D}"
	ProjectSection(SolutionItems) = preProject
		Local.testsettings = Local.testsettings
		SMS.vsmdi = SMS.vsmdi
		TraceAndTestImpact.testsettings = TraceAndTestImpact.testsettings
	EndProjectSection
EndProject
Global
	GlobalSection(TestCaseManagementSettings) = postSolution
		CategoryFile = SMS.vsmdi
	EndGlobalSection
	GlobalSection(SolutionConfigurationPlatforms) = preSolution
		Debug|Any CPU = Debug|Any CPU
		Release|Any CPU = Release|Any CPU
	EndGlobalSection
	GlobalSection(ProjectConfigurationPlatforms) = postSolution
		{A90B4E64-890B-4FB1-B3BE-90950D6EEA05}.Debug|Any CPU.ActiveCfg = Debug|Any CPU
		{A90B4E64-890B-4FB1-B3BE-90950D6EEA05}.Debug|Any CPU.Build.0 = Debug|Any CPU
		{A90B4E64-890B-4FB1-B3BE-90950D6EEA05}.Release|Any CPU.ActiveCfg = Release|Any CPU
		{A90B4E64-890B-4FB1-B3BE-90950D6EEA05}.Release|Any CPU.Build.0 = Release|Any CPU
		{EB4863EB-2DA2-4C24-8E89-DB47F5B3A01D}.Debug|Any CPU.ActiveCfg = Debug|Any CPU
		{EB4863EB-2DA2-4C24-8E89-DB47F5B3A01D}.Debug|Any CPU.Build.0 = Debug|Any CPU
		{EB4863EB-2DA2-4C24-8E89-DB47F5B3A01D}.Release|Any CPU.ActiveCfg = Release|Any CPU
		{EB4863EB-2DA2-4C24-8E89-DB47F5B3A01D}.Release|Any CPU.Build.0 = Release|Any CPU
	EndGlobalSection
	GlobalSection(SolutionProperties) = preSolution
		HideSolutionNode = FALSE
	EndGlobalSection
EndGlobal
